
Microsoft Visual Studio Solution File, Format Version 12.00
# Visual Studio Version 17
VisualStudioVersion = 17.0.31903.59
MinimumVisualStudioVersion = 10.0.40219.1
Project("{2150E333-8FDC-42A3-9474-1A3956D46DE8}") = "proposal", "proposal", "{51B3ED2D-8F56-4716-9131-FF842CE9CE29}"
EndProject
Project("{2150E333-8FDC-42A3-9474-1A3956D46DE8}") = "src", "src", "{D54B67B2-8ABF-413E-9B10-088B98C3B36E}"
EndProject
Project("{2150E333-8FDC-42A3-9474-1A3956D46DE8}") = "tests", "tests", "{282A953B-8B76-4196-BA19-6CE19D01FA4A}"
EndProject
Project("{FAE04EC0-301F-11D3-BF4B-00C04F79EFBC}") = "Atividade02.Proposals.API", "proposals\src\Atividade02.Proposals.API\Atividade02.Proposals.API.csproj", "{CA7DCCA4-58E7-4C5A-802A-5BE6C24ECD7A}"
EndProject
Project("{FAE04EC0-301F-11D3-BF4B-00C04F79EFBC}") = "Atividade02.Proposals.Application", "proposals\src\Atividade02.Proposals.Application\Atividade02.Proposals.Application.csproj", "{27D20AFC-0F82-46C5-9241-669F3F63C850}"
EndProject
Project("{FAE04EC0-301F-11D3-BF4B-00C04F79EFBC}") = "Atividade02.Proposals.Domain", "proposals\src\Atividade02.Proposals.Domain\Atividade02.Proposals.Domain.csproj", "{878F37BE-4746-4C59-ADF3-81ECB7E19A3E}"
EndProject
Project("{FAE04EC0-301F-11D3-BF4B-00C04F79EFBC}") = "Atividade02.Proposals.Infrastructure", "proposals\src\Atividade02.Proposals.Infrastructure\Atividade02.Proposals.Infrastructure.csproj", "{F659FCDD-41E6-4FB0-BF63-B15DB29DD54D}"
EndProject
Project("{FAE04EC0-301F-11D3-BF4B-00C04F79EFBC}") = "Atividade02.Proposals.CrossCutting", "proposals\src\Atividade02.Proposals.CrossCutting\Atividade02.Proposals.CrossCutting.csproj", "{2660B372-5C5C-44B2-904E-3E80149263FC}"
EndProject
Project("{FAE04EC0-301F-11D3-BF4B-00C04F79EFBC}") = "Atividade02.Proposals.CrossCutting.IoC", "proposals\src\Atividade02.Proposals.CrossCutting.IoC\Atividade02.Proposals.CrossCutting.IoC.csproj", "{25C6C5A6-9538-46FA-8795-07292A345E8E}"
EndProject
Project("{2150E333-8FDC-42A3-9474-1A3956D46DE8}") = "BuildingBlocks", "BuildingBlocks", "{B6C7874C-F511-4AB1-B8D3-F47B44F8102A}"
EndProject
Project("{2150E333-8FDC-42A3-9474-1A3956D46DE8}") = "MessageBus", "MessageBus", "{7D6F85EF-C017-4FD1-BE36-C1D6BEF4FA3A}"
EndProject
Project("{FAE04EC0-301F-11D3-BF4B-00C04F79EFBC}") = "Atividade02.Core.MessageBus", "BuildingBlocks\Atividade02.Core.MessageBus\Atividade02.Core.MessageBus.csproj", "{F61496AC-D115-406A-98CA-1D3E08B1CA7A}"
EndProject
Project("{2150E333-8FDC-42A3-9474-1A3956D46DE8}") = "Core", "Core", "{17B20C0C-174B-4692-A831-7AEE4386E509}"
EndProject
Project("{FAE04EC0-301F-11D3-BF4B-00C04F79EFBC}") = "Atividade02.Core", "BuildingBlocks\Atividade02.Core\Atividade02.Core.csproj", "{3EC12401-35AC-48D4-B275-BB330971F29D}"
EndProject
Project("{FAE04EC0-301F-11D3-BF4B-00C04F79EFBC}") = "Atividade02.Proposals.Domain.Services", "proposals\src\Atividade02.Proposals.Domain.Services\Atividade02.Proposals.Domain.Services.csproj", "{AA87D115-69E6-455D-9A83-7AC6F0FDFAA0}"
EndProject
Project("{2150E333-8FDC-42A3-9474-1A3956D46DE8}") = "0 - Apresentation", "0 - Apresentation", "{A3453985-5A0E-404F-BE04-37AE45A1AF78}"
EndProject
Project("{2150E333-8FDC-42A3-9474-1A3956D46DE8}") = "1 - Application", "1 - Application", "{1D6ABFCC-F8DD-40AF-A125-D277CB3FE715}"
EndProject
Project("{2150E333-8FDC-42A3-9474-1A3956D46DE8}") = "2 - Domain", "2 - Domain", "{2EC7BE0C-0CC5-4861-B4A1-5EF068713AA4}"
EndProject
Project("{2150E333-8FDC-42A3-9474-1A3956D46DE8}") = "3 - Infrastructure", "3 - Infrastructure", "{F7654C83-035C-4842-80A6-A76294654E2F}"
EndProject
Project("{2150E333-8FDC-42A3-9474-1A3956D46DE8}") = "4 - CrossCutting", "4 - CrossCutting", "{1391598D-F64B-4218-8BDD-B72F5DD465F3}"
EndProject
Project("{FAE04EC0-301F-11D3-BF4B-00C04F79EFBC}") = "Atividade02.Proposals.Infrastructure.ExternalServices.CreditAnalysisEngine", "proposals\src\Atividade02.Proposals.Infrastructure.ExternalServices.CreditAnalysisEngine\Atividade02.Proposals.Infrastructure.ExternalServices.CreditAnalysisEngine.csproj", "{A5FD3FFB-4461-45BF-B9BF-CB64E0CBE5B2}"
EndProject
Project("{2150E333-8FDC-42A3-9474-1A3956D46DE8}") = "portador", "portador", "{B994A02B-D1D9-45A4-856B-D4A79677A4CA}"
EndProject
Project("{2150E333-8FDC-42A3-9474-1A3956D46DE8}") = "src", "src", "{100522AB-E7FD-4BA3-B4AD-7B811B70EAE5}"
EndProject
Project("{2150E333-8FDC-42A3-9474-1A3956D46DE8}") = "tests", "tests", "{7895B549-3658-43B2-8656-EEAFE6194847}"
EndProject
Project("{FAE04EC0-301F-11D3-BF4B-00C04F79EFBC}") = "Atividade02.Proponent.API.Tests", "proponent\tests\Atividade02.Proponent.API.Tests\Atividade02.Proponent.API.Tests.csproj", "{ED98D8A0-95AE-466E-B2A4-CFDF47EB4788}"
EndProject
Project("{2150E333-8FDC-42A3-9474-1A3956D46DE8}") = "1 - Application", "1 - Application", "{412CE89D-B73C-424B-9F92-095732FF059A}"
EndProject
Project("{FAE04EC0-301F-11D3-BF4B-00C04F79EFBC}") = "Atividade02.Proposals.Application.Tests", "proposals\tests\Atividade02.Proposals.Application.Tests\Atividade02.Proposals.Application.Tests.csproj", "{E3AB144D-9098-4991-8FB1-9F00A573208C}"
EndProject
Project("{2150E333-8FDC-42A3-9474-1A3956D46DE8}") = "infra", "infra", "{133AE971-769D-4E44-84D1-DEA0D1C0210A}"
	ProjectSection(SolutionItems) = preProject
		docker-compose.yaml = docker-compose.yaml
	EndProjectSection
EndProject
Project("{FAE04EC0-301F-11D3-BF4B-00C04F79EFBC}") = "Atividade02.Portador.API", "portador\src\Atividade02.Portador.API\Atividade02.Portador.API.csproj", "{38813E7B-4CC0-40B0-AC66-D503AFFF919D}"
EndProject
Project("{2150E333-8FDC-42A3-9474-1A3956D46DE8}") = "microservices", "microservices", "{AEF214D1-7374-474C-94DE-8D8C6887C3DD}"
EndProject
Project("{2150E333-8FDC-42A3-9474-1A3956D46DE8}") = "bff", "bff", "{098BCB04-D574-46B0-BA7F-C36AEF66FCEF}"
EndProject
Project("{FAE04EC0-301F-11D3-BF4B-00C04F79EFBC}") = "Atividade04.BFF", "..\bff\Atividade04.BFF\Atividade04.BFF.csproj", "{E75ECF52-0DFE-41B4-A7EF-337CE483F810}"
EndProject
Project("{2150E333-8FDC-42A3-9474-1A3956D46DE8}") = "src", "src", "{A1793043-13BF-4884-8CF4-6E5F4E290219}"
EndProject
Project("{2150E333-8FDC-42A3-9474-1A3956D46DE8}") = "tests", "tests", "{7DDC2860-334E-48BD-9C20-408FF43B98E1}"
EndProject
Project("{FAE04EC0-301F-11D3-BF4B-00C04F79EFBC}") = "Atividade04.BFF.Tests", "..\bff\tests\Atividade04.BFF.Tests\Atividade04.BFF.Tests.csproj", "{026647AA-5A48-469D-B726-06B4A92735B0}"
EndProject
Project("{E53339B2-1760-4266-BCC7-CA923CBCF16C}") = "docker-compose", "docker-compose.dcproj", "{58DB827E-CE14-4073-AB5A-32490AE40FED}"
EndProject
Global
	GlobalSection(SolutionConfigurationPlatforms) = preSolution
		Debug|Any CPU = Debug|Any CPU
		Release|Any CPU = Release|Any CPU
	EndGlobalSection
	GlobalSection(SolutionProperties) = preSolution
		HideSolutionNode = FALSE
	EndGlobalSection
	GlobalSection(ProjectConfigurationPlatforms) = postSolution
		{CA7DCCA4-58E7-4C5A-802A-5BE6C24ECD7A}.Debug|Any CPU.ActiveCfg = Debug|Any CPU
		{CA7DCCA4-58E7-4C5A-802A-5BE6C24ECD7A}.Debug|Any CPU.Build.0 = Debug|Any CPU
		{CA7DCCA4-58E7-4C5A-802A-5BE6C24ECD7A}.Release|Any CPU.ActiveCfg = Release|Any CPU
		{CA7DCCA4-58E7-4C5A-802A-5BE6C24ECD7A}.Release|Any CPU.Build.0 = Release|Any CPU
		{27D20AFC-0F82-46C5-9241-669F3F63C850}.Debug|Any CPU.ActiveCfg = Debug|Any CPU
		{27D20AFC-0F82-46C5-9241-669F3F63C850}.Debug|Any CPU.Build.0 = Debug|Any CPU
		{27D20AFC-0F82-46C5-9241-669F3F63C850}.Release|Any CPU.ActiveCfg = Release|Any CPU
		{27D20AFC-0F82-46C5-9241-669F3F63C850}.Release|Any CPU.Build.0 = Release|Any CPU
		{878F37BE-4746-4C59-ADF3-81ECB7E19A3E}.Debug|Any CPU.ActiveCfg = Debug|Any CPU
		{878F37BE-4746-4C59-ADF3-81ECB7E19A3E}.Debug|Any CPU.Build.0 = Debug|Any CPU
		{878F37BE-4746-4C59-ADF3-81ECB7E19A3E}.Release|Any CPU.ActiveCfg = Release|Any CPU
		{878F37BE-4746-4C59-ADF3-81ECB7E19A3E}.Release|Any CPU.Build.0 = Release|Any CPU
		{F659FCDD-41E6-4FB0-BF63-B15DB29DD54D}.Debug|Any CPU.ActiveCfg = Debug|Any CPU
		{F659FCDD-41E6-4FB0-BF63-B15DB29DD54D}.Debug|Any CPU.Build.0 = Debug|Any CPU
		{F659FCDD-41E6-4FB0-BF63-B15DB29DD54D}.Release|Any CPU.ActiveCfg = Release|Any CPU
		{F659FCDD-41E6-4FB0-BF63-B15DB29DD54D}.Release|Any CPU.Build.0 = Release|Any CPU
		{2660B372-5C5C-44B2-904E-3E80149263FC}.Debug|Any CPU.ActiveCfg = Debug|Any CPU
		{2660B372-5C5C-44B2-904E-3E80149263FC}.Debug|Any CPU.Build.0 = Debug|Any CPU
		{2660B372-5C5C-44B2-904E-3E80149263FC}.Release|Any CPU.ActiveCfg = Release|Any CPU
		{2660B372-5C5C-44B2-904E-3E80149263FC}.Release|Any CPU.Build.0 = Release|Any CPU
		{25C6C5A6-9538-46FA-8795-07292A345E8E}.Debug|Any CPU.ActiveCfg = Debug|Any CPU
		{25C6C5A6-9538-46FA-8795-07292A345E8E}.Debug|Any CPU.Build.0 = Debug|Any CPU
		{25C6C5A6-9538-46FA-8795-07292A345E8E}.Release|Any CPU.ActiveCfg = Release|Any CPU
		{25C6C5A6-9538-46FA-8795-07292A345E8E}.Release|Any CPU.Build.0 = Release|Any CPU
		{F61496AC-D115-406A-98CA-1D3E08B1CA7A}.Debug|Any CPU.ActiveCfg = Debug|Any CPU
		{F61496AC-D115-406A-98CA-1D3E08B1CA7A}.Debug|Any CPU.Build.0 = Debug|Any CPU
		{F61496AC-D115-406A-98CA-1D3E08B1CA7A}.Release|Any CPU.ActiveCfg = Release|Any CPU
		{F61496AC-D115-406A-98CA-1D3E08B1CA7A}.Release|Any CPU.Build.0 = Release|Any CPU
		{3EC12401-35AC-48D4-B275-BB330971F29D}.Debug|Any CPU.ActiveCfg = Debug|Any CPU
		{3EC12401-35AC-48D4-B275-BB330971F29D}.Debug|Any CPU.Build.0 = Debug|Any CPU
		{3EC12401-35AC-48D4-B275-BB330971F29D}.Release|Any CPU.ActiveCfg = Release|Any CPU
		{3EC12401-35AC-48D4-B275-BB330971F29D}.Release|Any CPU.Build.0 = Release|Any CPU
		{AA87D115-69E6-455D-9A83-7AC6F0FDFAA0}.Debug|Any CPU.ActiveCfg = Debug|Any CPU
		{AA87D115-69E6-455D-9A83-7AC6F0FDFAA0}.Debug|Any CPU.Build.0 = Debug|Any CPU
		{AA87D115-69E6-455D-9A83-7AC6F0FDFAA0}.Release|Any CPU.ActiveCfg = Release|Any CPU
		{AA87D115-69E6-455D-9A83-7AC6F0FDFAA0}.Release|Any CPU.Build.0 = Release|Any CPU
		{A5FD3FFB-4461-45BF-B9BF-CB64E0CBE5B2}.Debug|Any CPU.ActiveCfg = Debug|Any CPU
		{A5FD3FFB-4461-45BF-B9BF-CB64E0CBE5B2}.Debug|Any CPU.Build.0 = Debug|Any CPU
		{A5FD3FFB-4461-45BF-B9BF-CB64E0CBE5B2}.Release|Any CPU.ActiveCfg = Release|Any CPU
		{A5FD3FFB-4461-45BF-B9BF-CB64E0CBE5B2}.Release|Any CPU.Build.0 = Release|Any CPU
		{ED98D8A0-95AE-466E-B2A4-CFDF47EB4788}.Debug|Any CPU.ActiveCfg = Debug|Any CPU
		{ED98D8A0-95AE-466E-B2A4-CFDF47EB4788}.Debug|Any CPU.Build.0 = Debug|Any CPU
		{ED98D8A0-95AE-466E-B2A4-CFDF47EB4788}.Release|Any CPU.ActiveCfg = Release|Any CPU
		{ED98D8A0-95AE-466E-B2A4-CFDF47EB4788}.Release|Any CPU.Build.0 = Release|Any CPU
		{E3AB144D-9098-4991-8FB1-9F00A573208C}.Debug|Any CPU.ActiveCfg = Debug|Any CPU
		{E3AB144D-9098-4991-8FB1-9F00A573208C}.Debug|Any CPU.Build.0 = Debug|Any CPU
		{E3AB144D-9098-4991-8FB1-9F00A573208C}.Release|Any CPU.ActiveCfg = Release|Any CPU
		{E3AB144D-9098-4991-8FB1-9F00A573208C}.Release|Any CPU.Build.0 = Release|Any CPU
		{38813E7B-4CC0-40B0-AC66-D503AFFF919D}.Debug|Any CPU.ActiveCfg = Debug|Any CPU
		{38813E7B-4CC0-40B0-AC66-D503AFFF919D}.Debug|Any CPU.Build.0 = Debug|Any CPU
		{38813E7B-4CC0-40B0-AC66-D503AFFF919D}.Release|Any CPU.ActiveCfg = Release|Any CPU
		{38813E7B-4CC0-40B0-AC66-D503AFFF919D}.Release|Any CPU.Build.0 = Release|Any CPU
		{E75ECF52-0DFE-41B4-A7EF-337CE483F810}.Debug|Any CPU.ActiveCfg = Debug|Any CPU
		{E75ECF52-0DFE-41B4-A7EF-337CE483F810}.Debug|Any CPU.Build.0 = Debug|Any CPU
		{E75ECF52-0DFE-41B4-A7EF-337CE483F810}.Release|Any CPU.ActiveCfg = Release|Any CPU
		{E75ECF52-0DFE-41B4-A7EF-337CE483F810}.Release|Any CPU.Build.0 = Release|Any CPU
		{026647AA-5A48-469D-B726-06B4A92735B0}.Debug|Any CPU.ActiveCfg = Debug|Any CPU
		{026647AA-5A48-469D-B726-06B4A92735B0}.Debug|Any CPU.Build.0 = Debug|Any CPU
		{026647AA-5A48-469D-B726-06B4A92735B0}.Release|Any CPU.ActiveCfg = Release|Any CPU
		{026647AA-5A48-469D-B726-06B4A92735B0}.Release|Any CPU.Build.0 = Release|Any CPU
		{58DB827E-CE14-4073-AB5A-32490AE40FED}.Debug|Any CPU.ActiveCfg = Debug|Any CPU
		{58DB827E-CE14-4073-AB5A-32490AE40FED}.Debug|Any CPU.Build.0 = Debug|Any CPU
		{58DB827E-CE14-4073-AB5A-32490AE40FED}.Release|Any CPU.ActiveCfg = Release|Any CPU
		{58DB827E-CE14-4073-AB5A-32490AE40FED}.Release|Any CPU.Build.0 = Release|Any CPU
	EndGlobalSection
	GlobalSection(NestedProjects) = preSolution
		{D54B67B2-8ABF-413E-9B10-088B98C3B36E} = {51B3ED2D-8F56-4716-9131-FF842CE9CE29}
		{282A953B-8B76-4196-BA19-6CE19D01FA4A} = {51B3ED2D-8F56-4716-9131-FF842CE9CE29}
		{CA7DCCA4-58E7-4C5A-802A-5BE6C24ECD7A} = {A3453985-5A0E-404F-BE04-37AE45A1AF78}
		{27D20AFC-0F82-46C5-9241-669F3F63C850} = {1D6ABFCC-F8DD-40AF-A125-D277CB3FE715}
		{878F37BE-4746-4C59-ADF3-81ECB7E19A3E} = {2EC7BE0C-0CC5-4861-B4A1-5EF068713AA4}
		{F659FCDD-41E6-4FB0-BF63-B15DB29DD54D} = {F7654C83-035C-4842-80A6-A76294654E2F}
		{2660B372-5C5C-44B2-904E-3E80149263FC} = {1391598D-F64B-4218-8BDD-B72F5DD465F3}
		{25C6C5A6-9538-46FA-8795-07292A345E8E} = {1391598D-F64B-4218-8BDD-B72F5DD465F3}
		{7D6F85EF-C017-4FD1-BE36-C1D6BEF4FA3A} = {B6C7874C-F511-4AB1-B8D3-F47B44F8102A}
		{F61496AC-D115-406A-98CA-1D3E08B1CA7A} = {7D6F85EF-C017-4FD1-BE36-C1D6BEF4FA3A}
		{17B20C0C-174B-4692-A831-7AEE4386E509} = {B6C7874C-F511-4AB1-B8D3-F47B44F8102A}
		{3EC12401-35AC-48D4-B275-BB330971F29D} = {17B20C0C-174B-4692-A831-7AEE4386E509}
		{AA87D115-69E6-455D-9A83-7AC6F0FDFAA0} = {2EC7BE0C-0CC5-4861-B4A1-5EF068713AA4}
		{A3453985-5A0E-404F-BE04-37AE45A1AF78} = {D54B67B2-8ABF-413E-9B10-088B98C3B36E}
		{1D6ABFCC-F8DD-40AF-A125-D277CB3FE715} = {D54B67B2-8ABF-413E-9B10-088B98C3B36E}
		{2EC7BE0C-0CC5-4861-B4A1-5EF068713AA4} = {D54B67B2-8ABF-413E-9B10-088B98C3B36E}
		{F7654C83-035C-4842-80A6-A76294654E2F} = {D54B67B2-8ABF-413E-9B10-088B98C3B36E}
		{1391598D-F64B-4218-8BDD-B72F5DD465F3} = {D54B67B2-8ABF-413E-9B10-088B98C3B36E}
		{A5FD3FFB-4461-45BF-B9BF-CB64E0CBE5B2} = {F7654C83-035C-4842-80A6-A76294654E2F}
		{100522AB-E7FD-4BA3-B4AD-7B811B70EAE5} = {B994A02B-D1D9-45A4-856B-D4A79677A4CA}
		{7895B549-3658-43B2-8656-EEAFE6194847} = {B994A02B-D1D9-45A4-856B-D4A79677A4CA}
		{ED98D8A0-95AE-466E-B2A4-CFDF47EB4788} = {7895B549-3658-43B2-8656-EEAFE6194847}
		{412CE89D-B73C-424B-9F92-095732FF059A} = {282A953B-8B76-4196-BA19-6CE19D01FA4A}
		{E3AB144D-9098-4991-8FB1-9F00A573208C} = {412CE89D-B73C-424B-9F92-095732FF059A}
		{38813E7B-4CC0-40B0-AC66-D503AFFF919D} = {100522AB-E7FD-4BA3-B4AD-7B811B70EAE5}
		{B994A02B-D1D9-45A4-856B-D4A79677A4CA} = {AEF214D1-7374-474C-94DE-8D8C6887C3DD}
		{51B3ED2D-8F56-4716-9131-FF842CE9CE29} = {AEF214D1-7374-474C-94DE-8D8C6887C3DD}
		{E75ECF52-0DFE-41B4-A7EF-337CE483F810} = {A1793043-13BF-4884-8CF4-6E5F4E290219}
		{A1793043-13BF-4884-8CF4-6E5F4E290219} = {098BCB04-D574-46B0-BA7F-C36AEF66FCEF}
		{7DDC2860-334E-48BD-9C20-408FF43B98E1} = {098BCB04-D574-46B0-BA7F-C36AEF66FCEF}
		{026647AA-5A48-469D-B726-06B4A92735B0} = {7DDC2860-334E-48BD-9C20-408FF43B98E1}
	EndGlobalSection
EndGlobal
